# This file is automatically @generated by Cargo.
# It is not intended for manual editing.
version = 3

[[package]]
name = "array__ops"
version = "0.1.10"
source = "registry+https://github.com/rust-lang/crates.io-index"
checksum = "61294639a53fc6a5cffe9e2cc5a51c83ef12ef72d45013f2a1fe5f8a7edbad63"
dependencies = [
 "array_trait",
 "moddef",
 "slice_ops",
]

[[package]]
name = "array_math"
version = "0.2.16"
source = "registry+https://github.com/rust-lang/crates.io-index"
checksum = "33aaea7fba8efa826a903c006107867282eb7c84c79f05670a487ce61cc8f39a"
dependencies = [
 "array__ops",
 "moddef",
 "num",
 "slice_math",
]

[[package]]
name = "array_trait"
version = "1.0.0"
source = "registry+https://github.com/rust-lang/crates.io-index"
checksum = "bf9bb96a777efcd3665ce50b555a38b1a4df403f71f9e372f56e2e7af75d78f9"
dependencies = [
 "moddef",
 "slice_trait",
]

[[package]]
name = "autocfg"
version = "1.1.0"
source = "registry+https://github.com/rust-lang/crates.io-index"
checksum = "d468802bab17cbc0cc575e9b053f41e72aa36bfa6b7f55e3529ffa43161b97fa"

[[package]]
name = "custom_float"
version = "0.1.3"
dependencies = [
 "array_math",
 "ethnum",
 "moddef",
 "num",
 "num-traits",
]

[[package]]
name = "ethnum"
version = "1.5.0"
source = "registry+https://github.com/rust-lang/crates.io-index"
checksum = "b90ca2580b73ab6a1f724b76ca11ab632df820fd6040c336200d2c1df7b3c82c"

[[package]]
name = "moddef"
version = "0.2.2"
source = "registry+https://github.com/rust-lang/crates.io-index"
checksum = "5ed20ef722061b63f1c1505b48619355231a7c24d9d6c4e9a7b781cba4c2e5c2"

[[package]]
name = "num"
version = "0.4.1"
source = "registry+https://github.com/rust-lang/crates.io-index"
checksum = "b05180d69e3da0e530ba2a1dae5110317e49e3b7f3d41be227dc5f92e49ee7af"
dependencies = [
 "num-bigint",
 "num-complex",
 "num-integer",
 "num-iter",
 "num-rational",
 "num-traits",
]

[[package]]
name = "num-bigint"
version = "0.4.4"
source = "registry+https://github.com/rust-lang/crates.io-index"
checksum = "608e7659b5c3d7cba262d894801b9ec9d00de989e8a82bd4bef91d08da45cdc0"
dependencies = [
 "autocfg",
 "num-integer",
 "num-traits",
]

[[package]]
name = "num-complex"
version = "0.4.5"
source = "registry+https://github.com/rust-lang/crates.io-index"
checksum = "23c6602fda94a57c990fe0df199a035d83576b496aa29f4e634a8ac6004e68a6"
dependencies = [
 "num-traits",
]

[[package]]
name = "num-integer"
version = "0.1.45"
source = "registry+https://github.com/rust-lang/crates.io-index"
checksum = "225d3389fb3509a24c93f5c29eb6bde2586b98d9f016636dff58d7c6f7569cd9"
dependencies = [
 "autocfg",
 "num-traits",
]

[[package]]
name = "num-iter"
version = "0.1.43"
source = "registry+https://github.com/rust-lang/crates.io-index"
checksum = "7d03e6c028c5dc5cac6e2dec0efda81fc887605bb3d884578bb6d6bf7514e252"
dependencies = [
 "autocfg",
 "num-integer",
 "num-traits",
]

[[package]]
name = "num-rational"
version = "0.4.1"
source = "registry+https://github.com/rust-lang/crates.io-index"
checksum = "0638a1c9d0a3c0914158145bc76cff373a75a627e6ecbfb71cbe6f453a5a19b0"
dependencies = [
 "autocfg",
 "num-bigint",
 "num-integer",
 "num-traits",
]

[[package]]
name = "num-traits"
version = "0.2.18"
source = "registry+https://github.com/rust-lang/crates.io-index"
checksum = "da0df0e5185db44f69b44f26786fe401b6c293d1907744beaa7fa62b2e5a517a"
dependencies = [
 "autocfg",
]

[[package]]
name = "slice_math"
version = "0.1.4"
source = "registry+https://github.com/rust-lang/crates.io-index"
checksum = "c0f2e758027de2cbc853780928445fdddc933a22da48a22f4c86a3444a4c95a4"
dependencies = [
 "moddef",
 "num",
 "slice_ops",
]

[[package]]
name = "slice_ops"
version = "0.1.5"
source = "registry+https://github.com/rust-lang/crates.io-index"
checksum = "433b17c6528d2d660a271770aa120490b79f571db6f772919da7ec2e3c2f17e9"
dependencies = [
 "moddef",
 "slice_trait",
]

[[package]]
name = "slice_trait"
version = "0.1.0"
source = "registry+https://github.com/rust-lang/crates.io-index"
checksum = "c2abbd4ba0fdba92f90ee7d437776319570c59d3668c6bf00e080e1cbde74949"
